<Solution>
  <Folder Name="/Solution Items/">
    <File Path=".editorconfig" />
    <File Path=".gitignore" />
    <File Path="Directory.Build.props" />
    <File Path="Directory.Packages.props" />
    <File Path="LICENSE" />
    <File Path="README.md" />
  </Folder>
  <Project Path="System.ChangeTracker/ChangeTracker.csproj" />
  <Project Path="System.ChangeTracker.Tests/Tests.csproj" />
</Solution>
